
Microsoft Visual Studio Solution File, Format Version 12.00
# Visual Studio 14
VisualStudioVersion = 14.0.25420.1
MinimumVisualStudioVersion = 10.0.40219.1
Project("{FAE04EC0-301F-11D3-BF4B-00C04F79EFBC}") = "LoyaltyOne.Web", "LoyaltyOne.Web\LoyaltyOne.Web.csproj", "{093377CB-56C3-4533-90ED-66ECDE71568A}"
EndProject
Project("{FAE04EC0-301F-11D3-BF4B-00C04F79EFBC}") = "LoyaltyOne.Services", "LoyaltyOne.Services\LoyaltyOne.Services.csproj", "{FB9081CD-EDA6-4FCB-894F-87CE1C28BEED}"
EndProject
Project("{FAE04EC0-301F-11D3-BF4B-00C04F79EFBC}") = "LoyaltyOne.Services.Tests", "LoyaltyOne.Services.Tests\LoyaltyOne.Services.Tests.csproj", "{C89689C8-BECE-4D3F-A884-F9017372BF0E}"
EndProject
Project("{FAE04EC0-301F-11D3-BF4B-00C04F79EFBC}") = "LoyaltyOne.WebApi", "LoyaltyOne.WebApi\LoyaltyOne.WebApi.csproj", "{ED46DFB7-8D09-4F3F-BE05-208B06179288}"
EndProject
Project("{FAE04EC0-301F-11D3-BF4B-00C04F79EFBC}") = "LoyaltyOne.Web.Tests", "LoyaltyOne.Web.Tests\LoyaltyOne.Web.Tests.csproj", "{0CB1B31A-E457-484A-87FB-E64956F7520D}"
EndProject
Project("{FAE04EC0-301F-11D3-BF4B-00C04F79EFBC}") = "LoyaltyOne.Data", "LoyaltyOne.Data\LoyaltyOne.Data.csproj", "{46F6BFC7-67B0-476F-BD3B-E3A7776A100C}"
EndProject
Project("{FAE04EC0-301F-11D3-BF4B-00C04F79EFBC}") = "LoyaltyOne.WebApi.Tests", "LoyaltyOne.WebApi.Tests\LoyaltyOne.WebApi.Tests.csproj", "{7EFB2D42-D874-45CB-9BA6-3E1668C7FCA0}"
EndProject
Global
	GlobalSection(SolutionConfigurationPlatforms) = preSolution
		Debug|Any CPU = Debug|Any CPU
		Release|Any CPU = Release|Any CPU
	EndGlobalSection
	GlobalSection(ProjectConfigurationPlatforms) = postSolution
		{093377CB-56C3-4533-90ED-66ECDE71568A}.Debug|Any CPU.ActiveCfg = Debug|Any CPU
		{093377CB-56C3-4533-90ED-66ECDE71568A}.Debug|Any CPU.Build.0 = Debug|Any CPU
		{093377CB-56C3-4533-90ED-66ECDE71568A}.Release|Any CPU.ActiveCfg = Release|Any CPU
		{093377CB-56C3-4533-90ED-66ECDE71568A}.Release|Any CPU.Build.0 = Release|Any CPU
		{FB9081CD-EDA6-4FCB-894F-87CE1C28BEED}.Debug|Any CPU.ActiveCfg = Debug|Any CPU
		{FB9081CD-EDA6-4FCB-894F-87CE1C28BEED}.Debug|Any CPU.Build.0 = Debug|Any CPU
		{FB9081CD-EDA6-4FCB-894F-87CE1C28BEED}.Release|Any CPU.ActiveCfg = Release|Any CPU
		{FB9081CD-EDA6-4FCB-894F-87CE1C28BEED}.Release|Any CPU.Build.0 = Release|Any CPU
		{C89689C8-BECE-4D3F-A884-F9017372BF0E}.Debug|Any CPU.ActiveCfg = Debug|Any CPU
		{C89689C8-BECE-4D3F-A884-F9017372BF0E}.Debug|Any CPU.Build.0 = Debug|Any CPU
		{C89689C8-BECE-4D3F-A884-F9017372BF0E}.Release|Any CPU.ActiveCfg = Release|Any CPU
		{C89689C8-BECE-4D3F-A884-F9017372BF0E}.Release|Any CPU.Build.0 = Release|Any CPU
		{ED46DFB7-8D09-4F3F-BE05-208B06179288}.Debug|Any CPU.ActiveCfg = Debug|Any CPU
		{ED46DFB7-8D09-4F3F-BE05-208B06179288}.Debug|Any CPU.Build.0 = Debug|Any CPU
		{ED46DFB7-8D09-4F3F-BE05-208B06179288}.Release|Any CPU.ActiveCfg = Release|Any CPU
		{ED46DFB7-8D09-4F3F-BE05-208B06179288}.Release|Any CPU.Build.0 = Release|Any CPU
		{0CB1B31A-E457-484A-87FB-E64956F7520D}.Debug|Any CPU.ActiveCfg = Debug|Any CPU
		{0CB1B31A-E457-484A-87FB-E64956F7520D}.Debug|Any CPU.Build.0 = Debug|Any CPU
		{0CB1B31A-E457-484A-87FB-E64956F7520D}.Release|Any CPU.ActiveCfg = Release|Any CPU
		{0CB1B31A-E457-484A-87FB-E64956F7520D}.Release|Any CPU.Build.0 = Release|Any CPU
		{46F6BFC7-67B0-476F-BD3B-E3A7776A100C}.Debug|Any CPU.ActiveCfg = Debug|Any CPU
		{46F6BFC7-67B0-476F-BD3B-E3A7776A100C}.Debug|Any CPU.Build.0 = Debug|Any CPU
		{46F6BFC7-67B0-476F-BD3B-E3A7776A100C}.Release|Any CPU.ActiveCfg = Release|Any CPU
		{46F6BFC7-67B0-476F-BD3B-E3A7776A100C}.Release|Any CPU.Build.0 = Release|Any CPU
		{7EFB2D42-D874-45CB-9BA6-3E1668C7FCA0}.Debug|Any CPU.ActiveCfg = Debug|Any CPU
		{7EFB2D42-D874-45CB-9BA6-3E1668C7FCA0}.Debug|Any CPU.Build.0 = Debug|Any CPU
		{7EFB2D42-D874-45CB-9BA6-3E1668C7FCA0}.Release|Any CPU.ActiveCfg = Release|Any CPU
		{7EFB2D42-D874-45CB-9BA6-3E1668C7FCA0}.Release|Any CPU.Build.0 = Release|Any CPU
	EndGlobalSection
	GlobalSection(SolutionProperties) = preSolution
		HideSolutionNode = FALSE
	EndGlobalSection
EndGlobal
